
Microsoft Visual Studio Solution File, Format Version 12.00
# Visual Studio Version 17
VisualStudioVersion = 17.14.36202.13
MinimumVisualStudioVersion = 10.0.40219.1
Project("{FAE04EC0-301F-11D3-BF4B-00C04F79EFBC}") = "HttpSandbox", "HttpSandbox\HttpSandbox.csproj", "{C8A16BF1-87AD-4633-AB69-7827520C88B9}"
EndProject
Project("{FAE04EC0-301F-11D3-BF4B-00C04F79EFBC}") = "HttpSandbox.Console", "HttpSandbox.Console\HttpSandbox.Console.csproj", "{FF924D46-0CE9-44AB-AC26-C37B0EB016C4}"
EndProject
Project("{FAE04EC0-301F-11D3-BF4B-00C04F79EFBC}") = "HttpSandbox.Common", "HttpSandbox.Common\HttpSandbox.Common.csproj", "{B5E7D0B0-8B64-4301-9B3A-91F55D652476}"
EndProject
Project("{FAE04EC0-301F-11D3-BF4B-00C04F79EFBC}") = "HttpSandbox.CodeEditor", "HttpSandbox.CodeEditor\HttpSandbox.CodeEditor.csproj", "{4276C2AF-6C33-4BE6-9EF7-6AE3C5A9C1C3}"
EndProject
Global
	GlobalSection(SolutionConfigurationPlatforms) = preSolution
		Debug|Any CPU = Debug|Any CPU
		Release|Any CPU = Release|Any CPU
	EndGlobalSection
	GlobalSection(ProjectConfigurationPlatforms) = postSolution
		{C8A16BF1-87AD-4633-AB69-7827520C88B9}.Debug|Any CPU.ActiveCfg = Debug|Any CPU
		{C8A16BF1-87AD-4633-AB69-7827520C88B9}.Debug|Any CPU.Build.0 = Debug|Any CPU
		{C8A16BF1-87AD-4633-AB69-7827520C88B9}.Release|Any CPU.ActiveCfg = Release|Any CPU
		{C8A16BF1-87AD-4633-AB69-7827520C88B9}.Release|Any CPU.Build.0 = Release|Any CPU
		{FF924D46-0CE9-44AB-AC26-C37B0EB016C4}.Debug|Any CPU.ActiveCfg = Debug|Any CPU
		{FF924D46-0CE9-44AB-AC26-C37B0EB016C4}.Debug|Any CPU.Build.0 = Debug|Any CPU
		{FF924D46-0CE9-44AB-AC26-C37B0EB016C4}.Release|Any CPU.ActiveCfg = Release|Any CPU
		{FF924D46-0CE9-44AB-AC26-C37B0EB016C4}.Release|Any CPU.Build.0 = Release|Any CPU
		{B5E7D0B0-8B64-4301-9B3A-91F55D652476}.Debug|Any CPU.ActiveCfg = Debug|Any CPU
		{B5E7D0B0-8B64-4301-9B3A-91F55D652476}.Debug|Any CPU.Build.0 = Debug|Any CPU
		{B5E7D0B0-8B64-4301-9B3A-91F55D652476}.Release|Any CPU.ActiveCfg = Release|Any CPU
		{B5E7D0B0-8B64-4301-9B3A-91F55D652476}.Release|Any CPU.Build.0 = Release|Any CPU
		{4276C2AF-6C33-4BE6-9EF7-6AE3C5A9C1C3}.Debug|Any CPU.ActiveCfg = Debug|Any CPU
		{4276C2AF-6C33-4BE6-9EF7-6AE3C5A9C1C3}.Debug|Any CPU.Build.0 = Debug|Any CPU
		{4276C2AF-6C33-4BE6-9EF7-6AE3C5A9C1C3}.Release|Any CPU.ActiveCfg = Release|Any CPU
		{4276C2AF-6C33-4BE6-9EF7-6AE3C5A9C1C3}.Release|Any CPU.Build.0 = Release|Any CPU
	EndGlobalSection
	GlobalSection(SolutionProperties) = preSolution
		HideSolutionNode = FALSE
	EndGlobalSection
	GlobalSection(ExtensibilityGlobals) = postSolution
		SolutionGuid = {1518352B-C97C-47FB-8ED2-544C91A3FE51}
	EndGlobalSection
EndGlobal
