
Microsoft Visual Studio Solution File, Format Version 12.00
# Visual Studio Version 17
VisualStudioVersion = 17.14.36202.13 d17.14
MinimumVisualStudioVersion = 10.0.40219.1
Project("{FAE04EC0-301F-11D3-BF4B-00C04F79EFBC}") = "HttpSandbox", "HttpSandbox\HttpSandbox.csproj", "{C8A16BF1-87AD-4633-AB69-7827520C88B9}"
EndProject
Global
	GlobalSection(SolutionConfigurationPlatforms) = preSolution
		Debug|Any CPU = Debug|Any CPU
		Release|Any CPU = Release|Any CPU
	EndGlobalSection
	GlobalSection(ProjectConfigurationPlatforms) = postSolution
		{C8A16BF1-87AD-4633-AB69-7827520C88B9}.Debug|Any CPU.ActiveCfg = Debug|Any CPU
		{C8A16BF1-87AD-4633-AB69-7827520C88B9}.Debug|Any CPU.Build.0 = Debug|Any CPU
		{C8A16BF1-87AD-4633-AB69-7827520C88B9}.Release|Any CPU.ActiveCfg = Release|Any CPU
		{C8A16BF1-87AD-4633-AB69-7827520C88B9}.Release|Any CPU.Build.0 = Release|Any CPU
	EndGlobalSection
	GlobalSection(SolutionProperties) = preSolution
		HideSolutionNode = FALSE
	EndGlobalSection
	GlobalSection(ExtensibilityGlobals) = postSolution
		SolutionGuid = {1518352B-C97C-47FB-8ED2-544C91A3FE51}
	EndGlobalSection
EndGlobal
